
Microsoft Visual Studio Solution File, Format Version 12.00
# Visual Studio 15
VisualStudioVersion = 15.0.26124.0
MinimumVisualStudioVersion = 15.0.26124.0
Project("{2150E333-8FDC-42A3-9474-1A3956D46DE8}") = "src", "src", "{A7DBF80A-252F-49FF-A71A-219FC10F2D55}"
EndProject
Project("{FAE04EC0-301F-11D3-BF4B-00C04F79EFBC}") = "GradeBook", "src\GradeBook\GradeBook.csproj", "{05883230-C62B-498E-A117-0D1FCBE66D11}"
EndProject
Project("{2150E333-8FDC-42A3-9474-1A3956D46DE8}") = "test", "test", "{72DAFE73-6B59-4ACB-832A-27E959BB8168}"
EndProject
Project("{FAE04EC0-301F-11D3-BF4B-00C04F79EFBC}") = "Gradebook.Tests", "test\Gradebook.Tests\Gradebook.Tests.csproj", "{6A0CECD1-675D-4077-983D-DB6AA067834E}"
EndProject
Global
	GlobalSection(SolutionConfigurationPlatforms) = preSolution
		Debug|Any CPU = Debug|Any CPU
		Debug|x64 = Debug|x64
		Debug|x86 = Debug|x86
		Release|Any CPU = Release|Any CPU
		Release|x64 = Release|x64
		Release|x86 = Release|x86
	EndGlobalSection
	GlobalSection(SolutionProperties) = preSolution
		HideSolutionNode = FALSE
	EndGlobalSection
	GlobalSection(ProjectConfigurationPlatforms) = postSolution
		{05883230-C62B-498E-A117-0D1FCBE66D11}.Debug|Any CPU.ActiveCfg = Debug|Any CPU
		{05883230-C62B-498E-A117-0D1FCBE66D11}.Debug|Any CPU.Build.0 = Debug|Any CPU
		{05883230-C62B-498E-A117-0D1FCBE66D11}.Debug|x64.ActiveCfg = Debug|Any CPU
		{05883230-C62B-498E-A117-0D1FCBE66D11}.Debug|x64.Build.0 = Debug|Any CPU
		{05883230-C62B-498E-A117-0D1FCBE66D11}.Debug|x86.ActiveCfg = Debug|Any CPU
		{05883230-C62B-498E-A117-0D1FCBE66D11}.Debug|x86.Build.0 = Debug|Any CPU
		{05883230-C62B-498E-A117-0D1FCBE66D11}.Release|Any CPU.ActiveCfg = Release|Any CPU
		{05883230-C62B-498E-A117-0D1FCBE66D11}.Release|Any CPU.Build.0 = Release|Any CPU
		{05883230-C62B-498E-A117-0D1FCBE66D11}.Release|x64.ActiveCfg = Release|Any CPU
		{05883230-C62B-498E-A117-0D1FCBE66D11}.Release|x64.Build.0 = Release|Any CPU
		{05883230-C62B-498E-A117-0D1FCBE66D11}.Release|x86.ActiveCfg = Release|Any CPU
		{05883230-C62B-498E-A117-0D1FCBE66D11}.Release|x86.Build.0 = Release|Any CPU
		{6A0CECD1-675D-4077-983D-DB6AA067834E}.Debug|Any CPU.ActiveCfg = Debug|Any CPU
		{6A0CECD1-675D-4077-983D-DB6AA067834E}.Debug|Any CPU.Build.0 = Debug|Any CPU
		{6A0CECD1-675D-4077-983D-DB6AA067834E}.Debug|x64.ActiveCfg = Debug|Any CPU
		{6A0CECD1-675D-4077-983D-DB6AA067834E}.Debug|x64.Build.0 = Debug|Any CPU
		{6A0CECD1-675D-4077-983D-DB6AA067834E}.Debug|x86.ActiveCfg = Debug|Any CPU
		{6A0CECD1-675D-4077-983D-DB6AA067834E}.Debug|x86.Build.0 = Debug|Any CPU
		{6A0CECD1-675D-4077-983D-DB6AA067834E}.Release|Any CPU.ActiveCfg = Release|Any CPU
		{6A0CECD1-675D-4077-983D-DB6AA067834E}.Release|Any CPU.Build.0 = Release|Any CPU
		{6A0CECD1-675D-4077-983D-DB6AA067834E}.Release|x64.ActiveCfg = Release|Any CPU
		{6A0CECD1-675D-4077-983D-DB6AA067834E}.Release|x64.Build.0 = Release|Any CPU
		{6A0CECD1-675D-4077-983D-DB6AA067834E}.Release|x86.ActiveCfg = Release|Any CPU
		{6A0CECD1-675D-4077-983D-DB6AA067834E}.Release|x86.Build.0 = Release|Any CPU
	EndGlobalSection
	GlobalSection(NestedProjects) = preSolution
		{05883230-C62B-498E-A117-0D1FCBE66D11} = {A7DBF80A-252F-49FF-A71A-219FC10F2D55}
		{6A0CECD1-675D-4077-983D-DB6AA067834E} = {72DAFE73-6B59-4ACB-832A-27E959BB8168}
	EndGlobalSection
EndGlobal
